// !$*UTF8*$!
{
	archiveVersion = 1;
	classes = {
	};
	objectVersion = 56;
	objects = {

/* Begin PBXBuildFile section */
		B7C47417292F6A2E00E99875 /* Hiddenbrains_testApp.swift in Sources */ = {isa = PBXBuildFile; fileRef = B7C47416292F6A2E00E99875 /* Hiddenbrains_testApp.swift */; };
		B7C47419292F6A2E00E99875 /* ContentView.swift in Sources */ = {isa = PBXBuildFile; fileRef = B7C47418292F6A2E00E99875 /* ContentView.swift */; };
		B7C4741B292F6A3100E99875 /* Assets.xcassets in Resources */ = {isa = PBXBuildFile; fileRef = B7C4741A292F6A3100E99875 /* Assets.xcassets */; };
		B7C4741E292F6A3100E99875 /* Preview Assets.xcassets in Resources */ = {isa = PBXBuildFile; fileRef = B7C4741D292F6A3100E99875 /* Preview Assets.xcassets */; };
		B7C4742D292F9E6B00E99875 /* DataModel.swift in Sources */ = {isa = PBXBuildFile; fileRef = B7C4742C292F9E6B00E99875 /* DataModel.swift */; };
		B7C4742F292F9E8E00E99875 /* SongModel.swift in Sources */ = {isa = PBXBuildFile; fileRef = B7C4742E292F9E8E00E99875 /* SongModel.swift */; };
		B7C47431292F9EBE00E99875 /* SongListViewModel.swift in Sources */ = {isa = PBXBuildFile; fileRef = B7C47430292F9EBE00E99875 /* SongListViewModel.swift */; };
		B7C47433292F9EEA00E99875 /* DetailViewSong.swift in Sources */ = {isa = PBXBuildFile; fileRef = B7C47432292F9EEA00E99875 /* DetailViewSong.swift */; };
		B7C47435292F9F1F00E99875 /* MediaControls.swift in Sources */ = {isa = PBXBuildFile; fileRef = B7C47434292F9F1F00E99875 /* MediaControls.swift */; };
		B7C47437292F9F6300E99875 /* CategoriesView.swift in Sources */ = {isa = PBXBuildFile; fileRef = B7C47436292F9F6300E99875 /* CategoriesView.swift */; };
		B7C47439292F9F8300E99875 /* DetailCategoryGrid.swift in Sources */ = {isa = PBXBuildFile; fileRef = B7C47438292F9F8300E99875 /* DetailCategoryGrid.swift */; };
		B7C4743B292F9FA700E99875 /* ArtworkLoader.swift in Sources */ = {isa = PBXBuildFile; fileRef = B7C4743A292F9FA700E99875 /* ArtworkLoader.swift */; };
		B7C4743D292F9FDA00E99875 /* CategoriesModel.swift in Sources */ = {isa = PBXBuildFile; fileRef = B7C4743C292F9FDA00E99875 /* CategoriesModel.swift */; };
/* End PBXBuildFile section */

/* Begin PBXFileReference section */
		B7C47413292F6A2E00E99875 /* Hiddenbrains_test.app */ = {isa = PBXFileReference; explicitFileType = wrapper.application; includeInIndex = 0; path = Hiddenbrains_test.app; sourceTree = BUILT_PRODUCTS_DIR; };
		B7C47416292F6A2E00E99875 /* Hiddenbrains_testApp.swift */ = {isa = PBXFileReference; lastKnownFileType = sourcecode.swift; path = Hiddenbrains_testApp.swift; sourceTree = "<group>"; };
		B7C47418292F6A2E00E99875 /* ContentView.swift */ = {isa = PBXFileReference; lastKnownFileType = sourcecode.swift; path = ContentView.swift; sourceTree = "<group>"; };
		B7C4741A292F6A3100E99875 /* Assets.xcassets */ = {isa = PBXFileReference; lastKnownFileType = folder.assetcatalog; path = Assets.xcassets; sourceTree = "<group>"; };
		B7C4741D292F6A3100E99875 /* Preview Assets.xcassets */ = {isa = PBXFileReference; lastKnownFileType = folder.assetcatalog; path = "Preview Assets.xcassets"; sourceTree = "<group>"; };
		B7C4742C292F9E6B00E99875 /* DataModel.swift */ = {isa = PBXFileReference; lastKnownFileType = sourcecode.swift; path = DataModel.swift; sourceTree = "<group>"; };
		B7C4742E292F9E8E00E99875 /* SongModel.swift */ = {isa = PBXFileReference; lastKnownFileType = sourcecode.swift; path = SongModel.swift; sourceTree = "<group>"; };
		B7C47430292F9EBE00E99875 /* SongListViewModel.swift */ = {isa = PBXFileReference; lastKnownFileType = sourcecode.swift; path = SongListViewModel.swift; sourceTree = "<group>"; };
		B7C47432292F9EEA00E99875 /* DetailViewSong.swift */ = {isa = PBXFileReference; lastKnownFileType = sourcecode.swift; path = DetailViewSong.swift; sourceTree = "<group>"; };
		B7C47434292F9F1F00E99875 /* MediaControls.swift */ = {isa = PBXFileReference; lastKnownFileType = sourcecode.swift; path = MediaControls.swift; sourceTree = "<group>"; };
		B7C47436292F9F6300E99875 /* CategoriesView.swift */ = {isa = PBXFileReference; lastKnownFileType = sourcecode.swift; path = CategoriesView.swift; sourceTree = "<group>"; };
		B7C47438292F9F8300E99875 /* DetailCategoryGrid.swift */ = {isa = PBXFileReference; lastKnownFileType = sourcecode.swift; path = DetailCategoryGrid.swift; sourceTree = "<group>"; };
		B7C4743A292F9FA700E99875 /* ArtworkLoader.swift */ = {isa = PBXFileReference; lastKnownFileType = sourcecode.swift; path = ArtworkLoader.swift; sourceTree = "<group>"; };
		B7C4743C292F9FDA00E99875 /* CategoriesModel.swift */ = {isa = PBXFileReference; lastKnownFileType = sourcecode.swift; path = CategoriesModel.swift; sourceTree = "<group>"; };
/* End PBXFileReference section */

/* Begin PBXFrameworksBuildPhase section */
		B7C47410292F6A2E00E99875 /* Frameworks */ = {
			isa = PBXFrameworksBuildPhase;
			buildActionMask = 2147483647;
			files = (
			);
			runOnlyForDeploymentPostprocessing = 0;
		};
/* End PBXFrameworksBuildPhase section */

/* Begin PBXGroup section */
		B7C4740A292F6A2E00E99875 = {
			isa = PBXGroup;
			children = (
				B7C47415292F6A2E00E99875 /* Hiddenbrains_test */,
				B7C47414292F6A2E00E99875 /* Products */,
			);
			sourceTree = "<group>";
		};
		B7C47414292F6A2E00E99875 /* Products */ = {
			isa = PBXGroup;
			children = (
				B7C47413292F6A2E00E99875 /* Hiddenbrains_test.app */,
			);
			name = Products;
			sourceTree = "<group>";
		};
		B7C47415292F6A2E00E99875 /* Hiddenbrains_test */ = {
			isa = PBXGroup;
			children = (
				B7C47416292F6A2E00E99875 /* Hiddenbrains_testApp.swift */,
				B7C47418292F6A2E00E99875 /* ContentView.swift */,
				B7C4742C292F9E6B00E99875 /* DataModel.swift */,
				B7C4742E292F9E8E00E99875 /* SongModel.swift */,
				B7C47430292F9EBE00E99875 /* SongListViewModel.swift */,
				B7C47432292F9EEA00E99875 /* DetailViewSong.swift */,
				B7C47434292F9F1F00E99875 /* MediaControls.swift */,
				B7C4743C292F9FDA00E99875 /* CategoriesModel.swift */,
				B7C47436292F9F6300E99875 /* CategoriesView.swift */,
				B7C47438292F9F8300E99875 /* DetailCategoryGrid.swift */,
				B7C4743A292F9FA700E99875 /* ArtworkLoader.swift */,
				B7C4741A292F6A3100E99875 /* Assets.xcassets */,
				B7C4741C292F6A3100E99875 /* Preview Content */,
			);
			path = Hiddenbrains_test;
			sourceTree = "<group>";
		};
		B7C4741C292F6A3100E99875 /* Preview Content */ = {
			isa = PBXGroup;
			children = (
				B7C4741D292F6A3100E99875 /* Preview Assets.xcassets */,
			);
			path = "Preview Content";
			sourceTree = "<group>";
		};
/* End PBXGroup section */

/* Begin PBXNativeTarget section */
		B7C47412292F6A2E00E99875 /* Hiddenbrains_test */ = {
			isa = PBXNativeTarget;
			buildConfigurationList = B7C47421292F6A3100E99875 /* Build configuration list for PBXNativeTarget "Hiddenbrains_test" */;
			buildPhases = (
				B7C4740F292F6A2E00E99875 /* Sources */,
				B7C47410292F6A2E00E99875 /* Frameworks */,
				B7C47411292F6A2E00E99875 /* Resources */,
			);
			buildRules = (
			);
			dependencies = (
			);
			name = Hiddenbrains_test;
			productName = Hiddenbrains_test;
			productReference = B7C47413292F6A2E00E99875 /* Hiddenbrains_test.app */;
			productType = "com.apple.product-type.application";
		};
/* End PBXNativeTarget section */

/* Begin PBXProject section */
		B7C4740B292F6A2E00E99875 /* Project object */ = {
			isa = PBXProject;
			attributes = {
				BuildIndependentTargetsInParallel = 1;
				LastSwiftUpdateCheck = 1410;
				LastUpgradeCheck = 1410;
				TargetAttributes = {
					B7C47412292F6A2E00E99875 = {
						CreatedOnToolsVersion = 14.1;
					};
				};
			};
			buildConfigurationList = B7C4740E292F6A2E00E99875 /* Build configuration list for PBXProject "Hiddenbrains_test" */;
			compatibilityVersion = "Xcode 14.0";
			developmentRegion = en;
			hasScannedForEncodings = 0;
			knownRegions = (
				en,
				Base,
			);
			mainGroup = B7C4740A292F6A2E00E99875;
			productRefGroup = B7C47414292F6A2E00E99875 /* Products */;
			projectDirPath = "";
			projectRoot = "";
			targets = (
				B7C47412292F6A2E00E99875 /* Hiddenbrains_test */,
			);
		};
/* End PBXProject section */

/* Begin PBXResourcesBuildPhase section */
		B7C47411292F6A2E00E99875 /* Resources */ = {
			isa = PBXResourcesBuildPhase;
			buildActionMask = 2147483647;
			files = (
				B7C4741E292F6A3100E99875 /* Preview Assets.xcassets in Resources */,
				B7C4741B292F6A3100E99875 /* Assets.xcassets in Resources */,
			);
			runOnlyForDeploymentPostprocessing = 0;
		};
/* End PBXResourcesBuildPhase section */

/* Begin PBXSourcesBuildPhase section */
		B7C4740F292F6A2E00E99875 /* Sources */ = {
			isa = PBXSourcesBuildPhase;
			buildActionMask = 2147483647;
			files = (
				B7C47437292F9F6300E99875 /* CategoriesView.swift in Sources */,
				B7C47435292F9F1F00E99875 /* MediaControls.swift in Sources */,
				B7C47419292F6A2E00E99875 /* ContentView.swift in Sources */,
				B7C47417292F6A2E00E99875 /* Hiddenbrains_testApp.swift in Sources */,
				B7C47433292F9EEA00E99875 /* DetailViewSong.swift in Sources */,
				B7C47439292F9F8300E99875 /* DetailCategoryGrid.swift in Sources */,
				B7C47431292F9EBE00E99875 /* SongListViewModel.swift in Sources */,
				B7C4743B292F9FA700E99875 /* ArtworkLoader.swift in Sources */,
				B7C4742F292F9E8E00E99875 /* SongModel.swift in Sources */,
				B7C4743D292F9FDA00E99875 /* CategoriesModel.swift in Sources */,
				B7C4742D292F9E6B00E99875 /* DataModel.swift in Sources */,
			);
			runOnlyForDeploymentPostprocessing = 0;
		};
/* End PBXSourcesBuildPhase section */

/* Begin XCBuildConfiguration section */
		B7C4741F292F6A3100E99875 /* Debug */ = {
			isa = XCBuildConfiguration;
			buildSettings = {
				ALWAYS_SEARCH_USER_PATHS = NO;
				CLANG_ANALYZER_NONNULL = YES;
				CLANG_ANALYZER_NUMBER_OBJECT_CONVERSION = YES_AGGRESSIVE;
				CLANG_CXX_LANGUAGE_STANDARD = "gnu++20";
				CLANG_ENABLE_MODULES = YES;
				CLANG_ENABLE_OBJC_ARC = YES;
				CLANG_ENABLE_OBJC_WEAK = YES;
				CLANG_WARN_BLOCK_CAPTURE_AUTORELEASING = YES;
				CLANG_WARN_BOOL_CONVERSION = YES;
				CLANG_WARN_COMMA = YES;
				CLANG_WARN_CONSTANT_CONVERSION = YES;
				CLANG_WARN_DEPRECATED_OBJC_IMPLEMENTATIONS = YES;
				CLANG_WARN_DIRECT_OBJC_ISA_USAGE = YES_ERROR;
				CLANG_WARN_DOCUMENTATION_COMMENTS = YES;
				CLANG_WARN_EMPTY_BODY = YES;
				CLANG_WARN_ENUM_CONVERSION = YES;
				CLANG_WARN_INFINITE_RECURSION = YES;
				CLANG_WARN_INT_CONVERSION = YES;
				CLANG_WARN_NON_LITERAL_NULL_CONVERSION = YES;
				CLANG_WARN_OBJC_IMPLICIT_RETAIN_SELF = YES;
				CLANG_WARN_OBJC_LITERAL_CONVERSION = YES;
				CLANG_WARN_OBJC_ROOT_CLASS = YES_ERROR;
				CLANG_WARN_QUOTED_INCLUDE_IN_FRAMEWORK_HEADER = YES;
				CLANG_WARN_RANGE_LOOP_ANALYSIS = YES;
				CLANG_WARN_STRICT_PROTOTYPES = YES;
				CLANG_WARN_SUSPICIOUS_MOVE = YES;
				CLANG_WARN_UNGUARDED_AVAILABILITY = YES_AGGRESSIVE;
				CLANG_WARN_UNREACHABLE_CODE = YES;
				CLANG_WARN__DUPLICATE_METHOD_MATCH = YES;
				COPY_PHASE_STRIP = NO;
				DEBUG_INFORMATION_FORMAT = dwarf;
				ENABLE_STRICT_OBJC_MSGSEND = YES;
				ENABLE_TESTABILITY = YES;
				GCC_C_LANGUAGE_STANDARD = gnu11;
				GCC_DYNAMIC_NO_PIC = NO;
				GCC_NO_COMMON_BLOCKS = YES;
				GCC_OPTIMIZATION_LEVEL = 0;
				GCC_PREPROCESSOR_DEFINITIONS = (
					"DEBUG=1",
					"$(inherited)",
				);
				GCC_WARN_64_TO_32_BIT_CONVERSION = YES;
				GCC_WARN_ABOUT_RETURN_TYPE = YES_ERROR;
				GCC_WARN_UNDECLARED_SELECTOR = YES;
				GCC_WARN_UNINITIALIZED_AUTOS = YES_AGGRESSIVE;
				GCC_WARN_UNUSED_FUNCTION = YES;
				GCC_WARN_UNUSED_VARIABLE = YES;
				IPHONEOS_DEPLOYMENT_TARGET = 16.1;
				MTL_ENABLE_DEBUG_INFO = INCLUDE_SOURCE;
				MTL_FAST_MATH = YES;
				ONLY_ACTIVE_ARCH = YES;
				SDKROOT = iphoneos;
				SWIFT_ACTIVE_COMPILATION_CONDITIONS = DEBUG;
				SWIFT_OPTIMIZATION_LEVEL = "-Onone";
			};
			name = Debug;
		};
		B7C47420292F6A3100E99875 /* Release */ = {
			isa = XCBuildConfiguration;
			buildSettings = {
				ALWAYS_SEARCH_USER_PATHS = NO;
				CLANG_ANALYZER_NONNULL = YES;
				CLANG_ANALYZER_NUMBER_OBJECT_CONVERSION = YES_AGGRESSIVE;
				CLANG_CXX_LANGUAGE_STANDARD = "gnu++20";
				CLANG_ENABLE_MODULES = YES;
				CLANG_ENABLE_OBJC_ARC = YES;
				CLANG_ENABLE_OBJC_WEAK = YES;
				CLANG_WARN_BLOCK_CAPTURE_AUTORELEASING = YES;
				CLANG_WARN_BOOL_CONVERSION = YES;
				CLANG_WARN_COMMA = YES;
				CLANG_WARN_CONSTANT_CONVERSION = YES;
				CLANG_WARN_DEPRECATED_OBJC_IMPLEMENTATIONS = YES;
				CLANG_WARN_DIRECT_OBJC_ISA_USAGE = YES_ERROR;
				CLANG_WARN_DOCUMENTATION_COMMENTS = YES;
				CLANG_WARN_EMPTY_BODY = YES;
				CLANG_WARN_ENUM_CONVERSION = YES;
				CLANG_WARN_INFINITE_RECURSION = YES;
				CLANG_WARN_INT_CONVERSION = YES;
				CLANG_WARN_NON_LITERAL_NULL_CONVERSION = YES;
				CLANG_WARN_OBJC_IMPLICIT_RETAIN_SELF = YES;
				CLANG_WARN_OBJC_LITERAL_CONVERSION = YES;
				CLANG_WARN_OBJC_ROOT_CLASS = YES_ERROR;
				CLANG_WARN_QUOTED_INCLUDE_IN_FRAMEWORK_HEADER = YES;
				CLANG_WARN_RANGE_LOOP_ANALYSIS = YES;
				CLANG_WARN_STRICT_PROTOTYPES = YES;
				CLANG_WARN_SUSPICIOUS_MOVE = YES;
				CLANG_WARN_UNGUARDED_AVAILABILITY = YES_AGGRESSIVE;
				CLANG_WARN_UNREACHABLE_CODE = YES;
				CLANG_WARN__DUPLICATE_METHOD_MATCH = YES;
				COPY_PHASE_STRIP = NO;
				DEBUG_INFORMATION_FORMAT = "dwarf-with-dsym";
				ENABLE_NS_ASSERTIONS = NO;
				ENABLE_STRICT_OBJC_MSGSEND = YES;
				GCC_C_LANGUAGE_STANDARD = gnu11;
				GCC_NO_COMMON_BLOCKS = YES;
				GCC_WARN_64_TO_32_BIT_CONVERSION = YES;
				GCC_WARN_ABOUT_RETURN_TYPE = YES_ERROR;
				GCC_WARN_UNDECLARED_SELECTOR = YES;
				GCC_WARN_UNINITIALIZED_AUTOS = YES_AGGRESSIVE;
				GCC_WARN_UNUSED_FUNCTION = YES;
				GCC_WARN_UNUSED_VARIABLE = YES;
				IPHONEOS_DEPLOYMENT_TARGET = 16.1;
				MTL_ENABLE_DEBUG_INFO = NO;
				MTL_FAST_MATH = YES;
				SDKROOT = iphoneos;
				SWIFT_COMPILATION_MODE = wholemodule;
				SWIFT_OPTIMIZATION_LEVEL = "-O";
				VALIDATE_PRODUCT = YES;
			};
			name = Release;
		};
		B7C47422292F6A3100E99875 /* Debug */ = {
			isa = XCBuildConfiguration;
			buildSettings = {
				ASSETCATALOG_COMPILER_APPICON_NAME = AppIcon;
				ASSETCATALOG_COMPILER_GLOBAL_ACCENT_COLOR_NAME = AccentColor;
				CODE_SIGN_STYLE = Automatic;
				CURRENT_PROJECT_VERSION = 1;
				DEVELOPMENT_ASSET_PATHS = "\"Hiddenbrains_test/Preview Content\"";
				DEVELOPMENT_TEAM = 3G46N5JLN2;
				ENABLE_PREVIEWS = YES;
				GENERATE_INFOPLIST_FILE = YES;
				INFOPLIST_KEY_UIApplicationSceneManifest_Generation = YES;
				INFOPLIST_KEY_UIApplicationSupportsIndirectInputEvents = YES;
				INFOPLIST_KEY_UILaunchScreen_Generation = YES;
				INFOPLIST_KEY_UISupportedInterfaceOrientations_iPad = "UIInterfaceOrientationPortrait UIInterfaceOrientationPortraitUpsideDown UIInterfaceOrientationLandscapeLeft UIInterfaceOrientationLandscapeRight";
				INFOPLIST_KEY_UISupportedInterfaceOrientations_iPhone = "UIInterfaceOrientationPortrait UIInterfaceOrientationLandscapeLeft UIInterfaceOrientationLandscapeRight";
				LD_RUNPATH_SEARCH_PATHS = (
					"$(inherited)",
					"@executable_path/Frameworks",
				);
				MARKETING_VERSION = 1.0;
				PRODUCT_BUNDLE_IDENTIFIER = "com.bitdegree.Hiddenbrains-test";
				PRODUCT_NAME = "$(TARGET_NAME)";
				SWIFT_EMIT_LOC_STRINGS = YES;
				SWIFT_VERSION = 5.0;
				TARGETED_DEVICE_FAMILY = "1,2";
			};
			name = Debug;
		};
		B7C47423292F6A3100E99875 /* Release */ = {
			isa = XCBuildConfiguration;
			buildSettings = {
				ASSETCATALOG_COMPILER_APPICON_NAME = AppIcon;
				ASSETCATALOG_COMPILER_GLOBAL_ACCENT_COLOR_NAME = AccentColor;
				CODE_SIGN_STYLE = Automatic;
				CURRENT_PROJECT_VERSION = 1;
				DEVELOPMENT_ASSET_PATHS = "\"Hiddenbrains_test/Preview Content\"";
				DEVELOPMENT_TEAM = 3G46N5JLN2;
				ENABLE_PREVIEWS = YES;
				GENERATE_INFOPLIST_FILE = YES;
				INFOPLIST_KEY_UIApplicationSceneManifest_Generation = YES;
				INFOPLIST_KEY_UIApplicationSupportsIndirectInputEvents = YES;
				INFOPLIST_KEY_UILaunchScreen_Generation = YES;
				INFOPLIST_KEY_UISupportedInterfaceOrientations_iPad = "UIInterfaceOrientationPortrait UIInterfaceOrientationPortraitUpsideDown UIInterfaceOrientationLandscapeLeft UIInterfaceOrientationLandscapeRight";
				INFOPLIST_KEY_UISupportedInterfaceOrientations_iPhone = "UIInterfaceOrientationPortrait UIInterfaceOrientationLandscapeLeft UIInterfaceOrientationLandscapeRight";
				LD_RUNPATH_SEARCH_PATHS = (
					"$(inherited)",
					"@executable_path/Frameworks",
				);
				MARKETING_VERSION = 1.0;
				PRODUCT_BUNDLE_IDENTIFIER = "com.bitdegree.Hiddenbrains-test";
				PRODUCT_NAME = "$(TARGET_NAME)";
				SWIFT_EMIT_LOC_STRINGS = YES;
				SWIFT_VERSION = 5.0;
				TARGETED_DEVICE_FAMILY = "1,2";
			};
			name = Release;
		};
/* End XCBuildConfiguration section */

/* Begin XCConfigurationList section */
		B7C4740E292F6A2E00E99875 /* Build configuration list for PBXProject "Hiddenbrains_test" */ = {
			isa = XCConfigurationList;
			buildConfigurations = (
				B7C4741F292F6A3100E99875 /* Debug */,
				B7C47420292F6A3100E99875 /* Release */,
			);
			defaultConfigurationIsVisible = 0;
			defaultConfigurationName = Release;
		};
		B7C47421292F6A3100E99875 /* Build configuration list for PBXNativeTarget "Hiddenbrains_test" */ = {
			isa = XCConfigurationList;
			buildConfigurations = (
				B7C47422292F6A3100E99875 /* Debug */,
				B7C47423292F6A3100E99875 /* Release */,
			);
			defaultConfigurationIsVisible = 0;
			defaultConfigurationName = Release;
		};
/* End XCConfigurationList section */
	};
	rootObject = B7C4740B292F6A2E00E99875 /* Project object */;
}
